
Microsoft Visual Studio Solution File, Format Version 12.00
# Visual Studio 15
VisualStudioVersion = 15.0.27130.2020
MinimumVisualStudioVersion = 10.0.40219.1
Project("{FAE04EC0-301F-11D3-BF4B-00C04F79EFBC}") = "Nominering", "Nominering\Nominering.csproj", "{9622F0E8-8468-4ACA-8BF2-6E38A51A2C81}"
EndProject
Global
	GlobalSection(SolutionConfigurationPlatforms) = preSolution
		Debug|Any CPU = Debug|Any CPU
		Release|Any CPU = Release|Any CPU
	EndGlobalSection
	GlobalSection(ProjectConfigurationPlatforms) = postSolution
		{9622F0E8-8468-4ACA-8BF2-6E38A51A2C81}.Debug|Any CPU.ActiveCfg = Debug|Any CPU
		{9622F0E8-8468-4ACA-8BF2-6E38A51A2C81}.Debug|Any CPU.Build.0 = Debug|Any CPU
		{9622F0E8-8468-4ACA-8BF2-6E38A51A2C81}.Release|Any CPU.ActiveCfg = Release|Any CPU
		{9622F0E8-8468-4ACA-8BF2-6E38A51A2C81}.Release|Any CPU.Build.0 = Release|Any CPU
	EndGlobalSection
	GlobalSection(SolutionProperties) = preSolution
		HideSolutionNode = FALSE
	EndGlobalSection
	GlobalSection(ExtensibilityGlobals) = postSolution
		SolutionGuid = {9B51DA8C-9A50-4C51-BB72-0BA96951AD2E}
	EndGlobalSection
EndGlobal
