
Microsoft Visual Studio Solution File, Format Version 12.00
# Visual Studio 15
VisualStudioVersion = 15.0.28010.2026
MinimumVisualStudioVersion = 10.0.40219.1
Project("{FAE04EC0-301F-11D3-BF4B-00C04F79EFBC}") = "LearnXamarin.Android", "LearnXamarin\LearnXamarin.Android\LearnXamarin.Android.csproj", "{6565B485-BD06-4E3E-98BD-650B922E94D0}"
EndProject
Project("{FAE04EC0-301F-11D3-BF4B-00C04F79EFBC}") = "LearnXamarin.iOS", "LearnXamarin\LearnXamarin.iOS\LearnXamarin.iOS.csproj", "{95D453FB-B547-421C-BD4D-3304C63F918D}"
EndProject
Project("{FAE04EC0-301F-11D3-BF4B-00C04F79EFBC}") = "LearnXamarin.UWP", "LearnXamarin\LearnXamarin.UWP\LearnXamarin.UWP.csproj", "{47B3995C-681C-4C1C-A13B-86601928F17C}"
EndProject
Project("{FAE04EC0-301F-11D3-BF4B-00C04F79EFBC}") = "LearnXamarin", "LearnXamarin\LearnXamarin\LearnXamarin.csproj", "{3C34A972-D61E-4B7D-B6DB-8A3EAE8AA5AC}"
EndProject
Global
	GlobalSection(SolutionConfigurationPlatforms) = preSolution
		Ad-Hoc|Any CPU = Ad-Hoc|Any CPU
		Ad-Hoc|ARM = Ad-Hoc|ARM
		Ad-Hoc|iPhone = Ad-Hoc|iPhone
		Ad-Hoc|iPhoneSimulator = Ad-Hoc|iPhoneSimulator
		Ad-Hoc|x64 = Ad-Hoc|x64
		Ad-Hoc|x86 = Ad-Hoc|x86
		AppStore|Any CPU = AppStore|Any CPU
		AppStore|ARM = AppStore|ARM
		AppStore|iPhone = AppStore|iPhone
		AppStore|iPhoneSimulator = AppStore|iPhoneSimulator
		AppStore|x64 = AppStore|x64
		AppStore|x86 = AppStore|x86
		Debug|Any CPU = Debug|Any CPU
		Debug|ARM = Debug|ARM
		Debug|iPhone = Debug|iPhone
		Debug|iPhoneSimulator = Debug|iPhoneSimulator
		Debug|x64 = Debug|x64
		Debug|x86 = Debug|x86
		Release|Any CPU = Release|Any CPU
		Release|ARM = Release|ARM
		Release|iPhone = Release|iPhone
		Release|iPhoneSimulator = Release|iPhoneSimulator
		Release|x64 = Release|x64
		Release|x86 = Release|x86
	EndGlobalSection
	GlobalSection(ProjectConfigurationPlatforms) = postSolution
		{6565B485-BD06-4E3E-98BD-650B922E94D0}.Ad-Hoc|Any CPU.ActiveCfg = Release|Any CPU
		{6565B485-BD06-4E3E-98BD-650B922E94D0}.Ad-Hoc|Any CPU.Build.0 = Release|Any CPU
		{6565B485-BD06-4E3E-98BD-650B922E94D0}.Ad-Hoc|Any CPU.Deploy.0 = Release|Any CPU
		{6565B485-BD06-4E3E-98BD-650B922E94D0}.Ad-Hoc|ARM.ActiveCfg = Release|Any CPU
		{6565B485-BD06-4E3E-98BD-650B922E94D0}.Ad-Hoc|ARM.Build.0 = Release|Any CPU
		{6565B485-BD06-4E3E-98BD-650B922E94D0}.Ad-Hoc|ARM.Deploy.0 = Release|Any CPU
		{6565B485-BD06-4E3E-98BD-650B922E94D0}.Ad-Hoc|iPhone.ActiveCfg = Release|Any CPU
		{6565B485-BD06-4E3E-98BD-650B922E94D0}.Ad-Hoc|iPhone.Build.0 = Release|Any CPU
		{6565B485-BD06-4E3E-98BD-650B922E94D0}.Ad-Hoc|iPhone.Deploy.0 = Release|Any CPU
		{6565B485-BD06-4E3E-98BD-650B922E94D0}.Ad-Hoc|iPhoneSimulator.ActiveCfg = Release|Any CPU
		{6565B485-BD06-4E3E-98BD-650B922E94D0}.Ad-Hoc|iPhoneSimulator.Build.0 = Release|Any CPU
		{6565B485-BD06-4E3E-98BD-650B922E94D0}.Ad-Hoc|iPhoneSimulator.Deploy.0 = Release|Any CPU
		{6565B485-BD06-4E3E-98BD-650B922E94D0}.Ad-Hoc|x64.ActiveCfg = Release|Any CPU
		{6565B485-BD06-4E3E-98BD-650B922E94D0}.Ad-Hoc|x64.Build.0 = Release|Any CPU
		{6565B485-BD06-4E3E-98BD-650B922E94D0}.Ad-Hoc|x64.Deploy.0 = Release|Any CPU
		{6565B485-BD06-4E3E-98BD-650B922E94D0}.Ad-Hoc|x86.ActiveCfg = Release|Any CPU
		{6565B485-BD06-4E3E-98BD-650B922E94D0}.Ad-Hoc|x86.Build.0 = Release|Any CPU
		{6565B485-BD06-4E3E-98BD-650B922E94D0}.Ad-Hoc|x86.Deploy.0 = Release|Any CPU
		{6565B485-BD06-4E3E-98BD-650B922E94D0}.AppStore|Any CPU.ActiveCfg = Release|Any CPU
		{6565B485-BD06-4E3E-98BD-650B922E94D0}.AppStore|Any CPU.Build.0 = Release|Any CPU
		{6565B485-BD06-4E3E-98BD-650B922E94D0}.AppStore|Any CPU.Deploy.0 = Release|Any CPU
		{6565B485-BD06-4E3E-98BD-650B922E94D0}.AppStore|ARM.ActiveCfg = Release|Any CPU
		{6565B485-BD06-4E3E-98BD-650B922E94D0}.AppStore|ARM.Build.0 = Release|Any CPU
		{6565B485-BD06-4E3E-98BD-650B922E94D0}.AppStore|ARM.Deploy.0 = Release|Any CPU
		{6565B485-BD06-4E3E-98BD-650B922E94D0}.AppStore|iPhone.ActiveCfg = Release|Any CPU
		{6565B485-BD06-4E3E-98BD-650B922E94D0}.AppStore|iPhone.Build.0 = Release|Any CPU
		{6565B485-BD06-4E3E-98BD-650B922E94D0}.AppStore|iPhone.Deploy.0 = Release|Any CPU
		{6565B485-BD06-4E3E-98BD-650B922E94D0}.AppStore|iPhoneSimulator.ActiveCfg = Release|Any CPU
		{6565B485-BD06-4E3E-98BD-650B922E94D0}.AppStore|iPhoneSimulator.Build.0 = Release|Any CPU
		{6565B485-BD06-4E3E-98BD-650B922E94D0}.AppStore|iPhoneSimulator.Deploy.0 = Release|Any CPU
		{6565B485-BD06-4E3E-98BD-650B922E94D0}.AppStore|x64.ActiveCfg = Release|Any CPU
		{6565B485-BD06-4E3E-98BD-650B922E94D0}.AppStore|x64.Build.0 = Release|Any CPU
		{6565B485-BD06-4E3E-98BD-650B922E94D0}.AppStore|x64.Deploy.0 = Release|Any CPU
		{6565B485-BD06-4E3E-98BD-650B922E94D0}.AppStore|x86.ActiveCfg = Release|Any CPU
		{6565B485-BD06-4E3E-98BD-650B922E94D0}.AppStore|x86.Build.0 = Release|Any CPU
		{6565B485-BD06-4E3E-98BD-650B922E94D0}.AppStore|x86.Deploy.0 = Release|Any CPU
		{6565B485-BD06-4E3E-98BD-650B922E94D0}.Debug|Any CPU.ActiveCfg = Debug|Any CPU
		{6565B485-BD06-4E3E-98BD-650B922E94D0}.Debug|Any CPU.Build.0 = Debug|Any CPU
		{6565B485-BD06-4E3E-98BD-650B922E94D0}.Debug|Any CPU.Deploy.0 = Debug|Any CPU
		{6565B485-BD06-4E3E-98BD-650B922E94D0}.Debug|ARM.ActiveCfg = Debug|Any CPU
		{6565B485-BD06-4E3E-98BD-650B922E94D0}.Debug|ARM.Build.0 = Debug|Any CPU
		{6565B485-BD06-4E3E-98BD-650B922E94D0}.Debug|ARM.Deploy.0 = Debug|Any CPU
		{6565B485-BD06-4E3E-98BD-650B922E94D0}.Debug|iPhone.ActiveCfg = Debug|Any CPU
		{6565B485-BD06-4E3E-98BD-650B922E94D0}.Debug|iPhone.Build.0 = Debug|Any CPU
		{6565B485-BD06-4E3E-98BD-650B922E94D0}.Debug|iPhone.Deploy.0 = Debug|Any CPU
		{6565B485-BD06-4E3E-98BD-650B922E94D0}.Debug|iPhoneSimulator.ActiveCfg = Debug|Any CPU
		{6565B485-BD06-4E3E-98BD-650B922E94D0}.Debug|iPhoneSimulator.Build.0 = Debug|Any CPU
		{6565B485-BD06-4E3E-98BD-650B922E94D0}.Debug|iPhoneSimulator.Deploy.0 = Debug|Any CPU
		{6565B485-BD06-4E3E-98BD-650B922E94D0}.Debug|x64.ActiveCfg = Debug|Any CPU
		{6565B485-BD06-4E3E-98BD-650B922E94D0}.Debug|x64.Build.0 = Debug|Any CPU
		{6565B485-BD06-4E3E-98BD-650B922E94D0}.Debug|x64.Deploy.0 = Debug|Any CPU
		{6565B485-BD06-4E3E-98BD-650B922E94D0}.Debug|x86.ActiveCfg = Debug|Any CPU
		{6565B485-BD06-4E3E-98BD-650B922E94D0}.Debug|x86.Build.0 = Debug|Any CPU
		{6565B485-BD06-4E3E-98BD-650B922E94D0}.Debug|x86.Deploy.0 = Debug|Any CPU
		{6565B485-BD06-4E3E-98BD-650B922E94D0}.Release|Any CPU.ActiveCfg = Release|Any CPU
		{6565B485-BD06-4E3E-98BD-650B922E94D0}.Release|Any CPU.Build.0 = Release|Any CPU
		{6565B485-BD06-4E3E-98BD-650B922E94D0}.Release|Any CPU.Deploy.0 = Release|Any CPU
		{6565B485-BD06-4E3E-98BD-650B922E94D0}.Release|ARM.ActiveCfg = Release|Any CPU
		{6565B485-BD06-4E3E-98BD-650B922E94D0}.Release|ARM.Build.0 = Release|Any CPU
		{6565B485-BD06-4E3E-98BD-650B922E94D0}.Release|ARM.Deploy.0 = Release|Any CPU
		{6565B485-BD06-4E3E-98BD-650B922E94D0}.Release|iPhone.ActiveCfg = Release|Any CPU
		{6565B485-BD06-4E3E-98BD-650B922E94D0}.Release|iPhone.Build.0 = Release|Any CPU
		{6565B485-BD06-4E3E-98BD-650B922E94D0}.Release|iPhone.Deploy.0 = Release|Any CPU
		{6565B485-BD06-4E3E-98BD-650B922E94D0}.Release|iPhoneSimulator.ActiveCfg = Release|Any CPU
		{6565B485-BD06-4E3E-98BD-650B922E94D0}.Release|iPhoneSimulator.Build.0 = Release|Any CPU
		{6565B485-BD06-4E3E-98BD-650B922E94D0}.Release|iPhoneSimulator.Deploy.0 = Release|Any CPU
		{6565B485-BD06-4E3E-98BD-650B922E94D0}.Release|x64.ActiveCfg = Release|Any CPU
		{6565B485-BD06-4E3E-98BD-650B922E94D0}.Release|x64.Build.0 = Release|Any CPU
		{6565B485-BD06-4E3E-98BD-650B922E94D0}.Release|x64.Deploy.0 = Release|Any CPU
		{6565B485-BD06-4E3E-98BD-650B922E94D0}.Release|x86.ActiveCfg = Release|Any CPU
		{6565B485-BD06-4E3E-98BD-650B922E94D0}.Release|x86.Build.0 = Release|Any CPU
		{6565B485-BD06-4E3E-98BD-650B922E94D0}.Release|x86.Deploy.0 = Release|Any CPU
		{95D453FB-B547-421C-BD4D-3304C63F918D}.Ad-Hoc|Any CPU.ActiveCfg = Ad-Hoc|iPhone
		{95D453FB-B547-421C-BD4D-3304C63F918D}.Ad-Hoc|Any CPU.Build.0 = Ad-Hoc|iPhone
		{95D453FB-B547-421C-BD4D-3304C63F918D}.Ad-Hoc|Any CPU.Deploy.0 = Ad-Hoc|iPhone
		{95D453FB-B547-421C-BD4D-3304C63F918D}.Ad-Hoc|ARM.ActiveCfg = Ad-Hoc|iPhone
		{95D453FB-B547-421C-BD4D-3304C63F918D}.Ad-Hoc|ARM.Build.0 = Ad-Hoc|iPhone
		{95D453FB-B547-421C-BD4D-3304C63F918D}.Ad-Hoc|ARM.Deploy.0 = Ad-Hoc|iPhone
		{95D453FB-B547-421C-BD4D-3304C63F918D}.Ad-Hoc|iPhone.ActiveCfg = Ad-Hoc|iPhone
		{95D453FB-B547-421C-BD4D-3304C63F918D}.Ad-Hoc|iPhone.Build.0 = Ad-Hoc|iPhone
		{95D453FB-B547-421C-BD4D-3304C63F918D}.Ad-Hoc|iPhone.Deploy.0 = Ad-Hoc|iPhone
		{95D453FB-B547-421C-BD4D-3304C63F918D}.Ad-Hoc|iPhoneSimulator.ActiveCfg = Ad-Hoc|iPhoneSimulator
		{95D453FB-B547-421C-BD4D-3304C63F918D}.Ad-Hoc|iPhoneSimulator.Build.0 = Ad-Hoc|iPhoneSimulator
		{95D453FB-B547-421C-BD4D-3304C63F918D}.Ad-Hoc|iPhoneSimulator.Deploy.0 = Ad-Hoc|iPhoneSimulator
		{95D453FB-B547-421C-BD4D-3304C63F918D}.Ad-Hoc|x64.ActiveCfg = Ad-Hoc|iPhone
		{95D453FB-B547-421C-BD4D-3304C63F918D}.Ad-Hoc|x64.Build.0 = Ad-Hoc|iPhone
		{95D453FB-B547-421C-BD4D-3304C63F918D}.Ad-Hoc|x64.Deploy.0 = Ad-Hoc|iPhone
		{95D453FB-B547-421C-BD4D-3304C63F918D}.Ad-Hoc|x86.ActiveCfg = Ad-Hoc|iPhone
		{95D453FB-B547-421C-BD4D-3304C63F918D}.Ad-Hoc|x86.Build.0 = Ad-Hoc|iPhone
		{95D453FB-B547-421C-BD4D-3304C63F918D}.Ad-Hoc|x86.Deploy.0 = Ad-Hoc|iPhone
		{95D453FB-B547-421C-BD4D-3304C63F918D}.AppStore|Any CPU.ActiveCfg = AppStore|iPhone
		{95D453FB-B547-421C-BD4D-3304C63F918D}.AppStore|Any CPU.Build.0 = AppStore|iPhone
		{95D453FB-B547-421C-BD4D-3304C63F918D}.AppStore|Any CPU.Deploy.0 = AppStore|iPhone
		{95D453FB-B547-421C-BD4D-3304C63F918D}.AppStore|ARM.ActiveCfg = AppStore|iPhone
		{95D453FB-B547-421C-BD4D-3304C63F918D}.AppStore|ARM.Build.0 = AppStore|iPhone
		{95D453FB-B547-421C-BD4D-3304C63F918D}.AppStore|ARM.Deploy.0 = AppStore|iPhone
		{95D453FB-B547-421C-BD4D-3304C63F918D}.AppStore|iPhone.ActiveCfg = AppStore|iPhone
		{95D453FB-B547-421C-BD4D-3304C63F918D}.AppStore|iPhone.Build.0 = AppStore|iPhone
		{95D453FB-B547-421C-BD4D-3304C63F918D}.AppStore|iPhone.Deploy.0 = AppStore|iPhone
		{95D453FB-B547-421C-BD4D-3304C63F918D}.AppStore|iPhoneSimulator.ActiveCfg = AppStore|iPhoneSimulator
		{95D453FB-B547-421C-BD4D-3304C63F918D}.AppStore|iPhoneSimulator.Build.0 = AppStore|iPhoneSimulator
		{95D453FB-B547-421C-BD4D-3304C63F918D}.AppStore|iPhoneSimulator.Deploy.0 = AppStore|iPhoneSimulator
		{95D453FB-B547-421C-BD4D-3304C63F918D}.AppStore|x64.ActiveCfg = AppStore|iPhone
		{95D453FB-B547-421C-BD4D-3304C63F918D}.AppStore|x64.Build.0 = AppStore|iPhone
		{95D453FB-B547-421C-BD4D-3304C63F918D}.AppStore|x64.Deploy.0 = AppStore|iPhone
		{95D453FB-B547-421C-BD4D-3304C63F918D}.AppStore|x86.ActiveCfg = AppStore|iPhone
		{95D453FB-B547-421C-BD4D-3304C63F918D}.AppStore|x86.Build.0 = AppStore|iPhone
		{95D453FB-B547-421C-BD4D-3304C63F918D}.AppStore|x86.Deploy.0 = AppStore|iPhone
		{95D453FB-B547-421C-BD4D-3304C63F918D}.Debug|Any CPU.ActiveCfg = Debug|iPhoneSimulator
		{95D453FB-B547-421C-BD4D-3304C63F918D}.Debug|Any CPU.Build.0 = Debug|iPhoneSimulator
		{95D453FB-B547-421C-BD4D-3304C63F918D}.Debug|Any CPU.Deploy.0 = Debug|iPhoneSimulator
		{95D453FB-B547-421C-BD4D-3304C63F918D}.Debug|ARM.ActiveCfg = Debug|iPhone
		{95D453FB-B547-421C-BD4D-3304C63F918D}.Debug|ARM.Build.0 = Debug|iPhone
		{95D453FB-B547-421C-BD4D-3304C63F918D}.Debug|ARM.Deploy.0 = Debug|iPhone
		{95D453FB-B547-421C-BD4D-3304C63F918D}.Debug|iPhone.ActiveCfg = Debug|iPhone
		{95D453FB-B547-421C-BD4D-3304C63F918D}.Debug|iPhone.Build.0 = Debug|iPhone
		{95D453FB-B547-421C-BD4D-3304C63F918D}.Debug|iPhone.Deploy.0 = Debug|iPhone
		{95D453FB-B547-421C-BD4D-3304C63F918D}.Debug|iPhoneSimulator.ActiveCfg = Debug|iPhoneSimulator
		{95D453FB-B547-421C-BD4D-3304C63F918D}.Debug|iPhoneSimulator.Build.0 = Debug|iPhoneSimulator
		{95D453FB-B547-421C-BD4D-3304C63F918D}.Debug|iPhoneSimulator.Deploy.0 = Debug|iPhoneSimulator
		{95D453FB-B547-421C-BD4D-3304C63F918D}.Debug|x64.ActiveCfg = Debug|iPhone
		{95D453FB-B547-421C-BD4D-3304C63F918D}.Debug|x64.Build.0 = Debug|iPhone
		{95D453FB-B547-421C-BD4D-3304C63F918D}.Debug|x64.Deploy.0 = Debug|iPhone
		{95D453FB-B547-421C-BD4D-3304C63F918D}.Debug|x86.ActiveCfg = Debug|iPhone
		{95D453FB-B547-421C-BD4D-3304C63F918D}.Debug|x86.Build.0 = Debug|iPhone
		{95D453FB-B547-421C-BD4D-3304C63F918D}.Debug|x86.Deploy.0 = Debug|iPhone
		{95D453FB-B547-421C-BD4D-3304C63F918D}.Release|Any CPU.ActiveCfg = Release|iPhone
		{95D453FB-B547-421C-BD4D-3304C63F918D}.Release|Any CPU.Build.0 = Release|iPhone
		{95D453FB-B547-421C-BD4D-3304C63F918D}.Release|Any CPU.Deploy.0 = Release|iPhone
		{95D453FB-B547-421C-BD4D-3304C63F918D}.Release|ARM.ActiveCfg = Release|iPhone
		{95D453FB-B547-421C-BD4D-3304C63F918D}.Release|ARM.Build.0 = Release|iPhone
		{95D453FB-B547-421C-BD4D-3304C63F918D}.Release|ARM.Deploy.0 = Release|iPhone
		{95D453FB-B547-421C-BD4D-3304C63F918D}.Release|iPhone.ActiveCfg = Release|iPhone
		{95D453FB-B547-421C-BD4D-3304C63F918D}.Release|iPhone.Build.0 = Release|iPhone
		{95D453FB-B547-421C-BD4D-3304C63F918D}.Release|iPhone.Deploy.0 = Release|iPhone
		{95D453FB-B547-421C-BD4D-3304C63F918D}.Release|iPhoneSimulator.ActiveCfg = Release|iPhoneSimulator
		{95D453FB-B547-421C-BD4D-3304C63F918D}.Release|iPhoneSimulator.Build.0 = Release|iPhoneSimulator
		{95D453FB-B547-421C-BD4D-3304C63F918D}.Release|iPhoneSimulator.Deploy.0 = Release|iPhoneSimulator
		{95D453FB-B547-421C-BD4D-3304C63F918D}.Release|x64.ActiveCfg = Release|iPhone
		{95D453FB-B547-421C-BD4D-3304C63F918D}.Release|x64.Build.0 = Release|iPhone
		{95D453FB-B547-421C-BD4D-3304C63F918D}.Release|x64.Deploy.0 = Release|iPhone
		{95D453FB-B547-421C-BD4D-3304C63F918D}.Release|x86.ActiveCfg = Release|iPhone
		{95D453FB-B547-421C-BD4D-3304C63F918D}.Release|x86.Build.0 = Release|iPhone
		{95D453FB-B547-421C-BD4D-3304C63F918D}.Release|x86.Deploy.0 = Release|iPhone
		{47B3995C-681C-4C1C-A13B-86601928F17C}.Ad-Hoc|Any CPU.ActiveCfg = Release|x86
		{47B3995C-681C-4C1C-A13B-86601928F17C}.Ad-Hoc|Any CPU.Build.0 = Release|x86
		{47B3995C-681C-4C1C-A13B-86601928F17C}.Ad-Hoc|Any CPU.Deploy.0 = Release|x86
		{47B3995C-681C-4C1C-A13B-86601928F17C}.Ad-Hoc|ARM.ActiveCfg = Release|ARM
		{47B3995C-681C-4C1C-A13B-86601928F17C}.Ad-Hoc|ARM.Build.0 = Release|ARM
		{47B3995C-681C-4C1C-A13B-86601928F17C}.Ad-Hoc|ARM.Deploy.0 = Release|ARM
		{47B3995C-681C-4C1C-A13B-86601928F17C}.Ad-Hoc|iPhone.ActiveCfg = Release|x86
		{47B3995C-681C-4C1C-A13B-86601928F17C}.Ad-Hoc|iPhone.Build.0 = Release|x86
		{47B3995C-681C-4C1C-A13B-86601928F17C}.Ad-Hoc|iPhone.Deploy.0 = Release|x86
		{47B3995C-681C-4C1C-A13B-86601928F17C}.Ad-Hoc|iPhoneSimulator.ActiveCfg = Release|x86
		{47B3995C-681C-4C1C-A13B-86601928F17C}.Ad-Hoc|iPhoneSimulator.Build.0 = Release|x86
		{47B3995C-681C-4C1C-A13B-86601928F17C}.Ad-Hoc|iPhoneSimulator.Deploy.0 = Release|x86
		{47B3995C-681C-4C1C-A13B-86601928F17C}.Ad-Hoc|x64.ActiveCfg = Release|x64
		{47B3995C-681C-4C1C-A13B-86601928F17C}.Ad-Hoc|x64.Build.0 = Release|x64
		{47B3995C-681C-4C1C-A13B-86601928F17C}.Ad-Hoc|x64.Deploy.0 = Release|x64
		{47B3995C-681C-4C1C-A13B-86601928F17C}.Ad-Hoc|x86.ActiveCfg = Release|x86
		{47B3995C-681C-4C1C-A13B-86601928F17C}.Ad-Hoc|x86.Build.0 = Release|x86
		{47B3995C-681C-4C1C-A13B-86601928F17C}.Ad-Hoc|x86.Deploy.0 = Release|x86
		{47B3995C-681C-4C1C-A13B-86601928F17C}.AppStore|Any CPU.ActiveCfg = Release|x86
		{47B3995C-681C-4C1C-A13B-86601928F17C}.AppStore|Any CPU.Build.0 = Release|x86
		{47B3995C-681C-4C1C-A13B-86601928F17C}.AppStore|Any CPU.Deploy.0 = Release|x86
		{47B3995C-681C-4C1C-A13B-86601928F17C}.AppStore|ARM.ActiveCfg = Release|ARM
		{47B3995C-681C-4C1C-A13B-86601928F17C}.AppStore|ARM.Build.0 = Release|ARM
		{47B3995C-681C-4C1C-A13B-86601928F17C}.AppStore|ARM.Deploy.0 = Release|ARM
		{47B3995C-681C-4C1C-A13B-86601928F17C}.AppStore|iPhone.ActiveCfg = Release|x86
		{47B3995C-681C-4C1C-A13B-86601928F17C}.AppStore|iPhone.Build.0 = Release|x86
		{47B3995C-681C-4C1C-A13B-86601928F17C}.AppStore|iPhone.Deploy.0 = Release|x86
		{47B3995C-681C-4C1C-A13B-86601928F17C}.AppStore|iPhoneSimulator.ActiveCfg = Release|x86
		{47B3995C-681C-4C1C-A13B-86601928F17C}.AppStore|iPhoneSimulator.Build.0 = Release|x86
		{47B3995C-681C-4C1C-A13B-86601928F17C}.AppStore|iPhoneSimulator.Deploy.0 = Release|x86
		{47B3995C-681C-4C1C-A13B-86601928F17C}.AppStore|x64.ActiveCfg = Release|x64
		{47B3995C-681C-4C1C-A13B-86601928F17C}.AppStore|x64.Build.0 = Release|x64
		{47B3995C-681C-4C1C-A13B-86601928F17C}.AppStore|x64.Deploy.0 = Release|x64
		{47B3995C-681C-4C1C-A13B-86601928F17C}.AppStore|x86.ActiveCfg = Release|x86
		{47B3995C-681C-4C1C-A13B-86601928F17C}.AppStore|x86.Build.0 = Release|x86
		{47B3995C-681C-4C1C-A13B-86601928F17C}.AppStore|x86.Deploy.0 = Release|x86
		{47B3995C-681C-4C1C-A13B-86601928F17C}.Debug|Any CPU.ActiveCfg = Debug|x86
		{47B3995C-681C-4C1C-A13B-86601928F17C}.Debug|Any CPU.Build.0 = Debug|x86
		{47B3995C-681C-4C1C-A13B-86601928F17C}.Debug|Any CPU.Deploy.0 = Debug|x86
		{47B3995C-681C-4C1C-A13B-86601928F17C}.Debug|ARM.ActiveCfg = Debug|ARM
		{47B3995C-681C-4C1C-A13B-86601928F17C}.Debug|ARM.Build.0 = Debug|ARM
		{47B3995C-681C-4C1C-A13B-86601928F17C}.Debug|ARM.Deploy.0 = Debug|ARM
		{47B3995C-681C-4C1C-A13B-86601928F17C}.Debug|iPhone.ActiveCfg = Debug|x86
		{47B3995C-681C-4C1C-A13B-86601928F17C}.Debug|iPhone.Build.0 = Debug|x86
		{47B3995C-681C-4C1C-A13B-86601928F17C}.Debug|iPhone.Deploy.0 = Debug|x86
		{47B3995C-681C-4C1C-A13B-86601928F17C}.Debug|iPhoneSimulator.ActiveCfg = Debug|x86
		{47B3995C-681C-4C1C-A13B-86601928F17C}.Debug|iPhoneSimulator.Build.0 = Debug|x86
		{47B3995C-681C-4C1C-A13B-86601928F17C}.Debug|iPhoneSimulator.Deploy.0 = Debug|x86
		{47B3995C-681C-4C1C-A13B-86601928F17C}.Debug|x64.ActiveCfg = Debug|x64
		{47B3995C-681C-4C1C-A13B-86601928F17C}.Debug|x64.Build.0 = Debug|x64
		{47B3995C-681C-4C1C-A13B-86601928F17C}.Debug|x64.Deploy.0 = Debug|x64
		{47B3995C-681C-4C1C-A13B-86601928F17C}.Debug|x86.ActiveCfg = Debug|x86
		{47B3995C-681C-4C1C-A13B-86601928F17C}.Debug|x86.Build.0 = Debug|x86
		{47B3995C-681C-4C1C-A13B-86601928F17C}.Debug|x86.Deploy.0 = Debug|x86
		{47B3995C-681C-4C1C-A13B-86601928F17C}.Release|Any CPU.ActiveCfg = Release|x86
		{47B3995C-681C-4C1C-A13B-86601928F17C}.Release|Any CPU.Build.0 = Release|x86
		{47B3995C-681C-4C1C-A13B-86601928F17C}.Release|Any CPU.Deploy.0 = Release|x86
		{47B3995C-681C-4C1C-A13B-86601928F17C}.Release|ARM.ActiveCfg = Release|ARM
		{47B3995C-681C-4C1C-A13B-86601928F17C}.Release|ARM.Build.0 = Release|ARM
		{47B3995C-681C-4C1C-A13B-86601928F17C}.Release|ARM.Deploy.0 = Release|ARM
		{47B3995C-681C-4C1C-A13B-86601928F17C}.Release|iPhone.ActiveCfg = Release|x86
		{47B3995C-681C-4C1C-A13B-86601928F17C}.Release|iPhone.Build.0 = Release|x86
		{47B3995C-681C-4C1C-A13B-86601928F17C}.Release|iPhone.Deploy.0 = Release|x86
		{47B3995C-681C-4C1C-A13B-86601928F17C}.Release|iPhoneSimulator.ActiveCfg = Release|x86
		{47B3995C-681C-4C1C-A13B-86601928F17C}.Release|iPhoneSimulator.Build.0 = Release|x86
		{47B3995C-681C-4C1C-A13B-86601928F17C}.Release|iPhoneSimulator.Deploy.0 = Release|x86
		{47B3995C-681C-4C1C-A13B-86601928F17C}.Release|x64.ActiveCfg = Release|x64
		{47B3995C-681C-4C1C-A13B-86601928F17C}.Release|x64.Build.0 = Release|x64
		{47B3995C-681C-4C1C-A13B-86601928F17C}.Release|x64.Deploy.0 = Release|x64
		{47B3995C-681C-4C1C-A13B-86601928F17C}.Release|x86.ActiveCfg = Release|x86
		{47B3995C-681C-4C1C-A13B-86601928F17C}.Release|x86.Build.0 = Release|x86
		{47B3995C-681C-4C1C-A13B-86601928F17C}.Release|x86.Deploy.0 = Release|x86
		{3C34A972-D61E-4B7D-B6DB-8A3EAE8AA5AC}.Ad-Hoc|Any CPU.ActiveCfg = Debug|Any CPU
		{3C34A972-D61E-4B7D-B6DB-8A3EAE8AA5AC}.Ad-Hoc|Any CPU.Build.0 = Debug|Any CPU
		{3C34A972-D61E-4B7D-B6DB-8A3EAE8AA5AC}.Ad-Hoc|Any CPU.Deploy.0 = Debug|Any CPU
		{3C34A972-D61E-4B7D-B6DB-8A3EAE8AA5AC}.Ad-Hoc|ARM.ActiveCfg = Debug|Any CPU
		{3C34A972-D61E-4B7D-B6DB-8A3EAE8AA5AC}.Ad-Hoc|ARM.Build.0 = Debug|Any CPU
		{3C34A972-D61E-4B7D-B6DB-8A3EAE8AA5AC}.Ad-Hoc|ARM.Deploy.0 = Debug|Any CPU
		{3C34A972-D61E-4B7D-B6DB-8A3EAE8AA5AC}.Ad-Hoc|iPhone.ActiveCfg = Debug|Any CPU
		{3C34A972-D61E-4B7D-B6DB-8A3EAE8AA5AC}.Ad-Hoc|iPhone.Build.0 = Debug|Any CPU
		{3C34A972-D61E-4B7D-B6DB-8A3EAE8AA5AC}.Ad-Hoc|iPhone.Deploy.0 = Debug|Any CPU
		{3C34A972-D61E-4B7D-B6DB-8A3EAE8AA5AC}.Ad-Hoc|iPhoneSimulator.ActiveCfg = Debug|Any CPU
		{3C34A972-D61E-4B7D-B6DB-8A3EAE8AA5AC}.Ad-Hoc|iPhoneSimulator.Build.0 = Debug|Any CPU
		{3C34A972-D61E-4B7D-B6DB-8A3EAE8AA5AC}.Ad-Hoc|iPhoneSimulator.Deploy.0 = Debug|Any CPU
		{3C34A972-D61E-4B7D-B6DB-8A3EAE8AA5AC}.Ad-Hoc|x64.ActiveCfg = Debug|Any CPU
		{3C34A972-D61E-4B7D-B6DB-8A3EAE8AA5AC}.Ad-Hoc|x64.Build.0 = Debug|Any CPU
		{3C34A972-D61E-4B7D-B6DB-8A3EAE8AA5AC}.Ad-Hoc|x64.Deploy.0 = Debug|Any CPU
		{3C34A972-D61E-4B7D-B6DB-8A3EAE8AA5AC}.Ad-Hoc|x86.ActiveCfg = Debug|Any CPU
		{3C34A972-D61E-4B7D-B6DB-8A3EAE8AA5AC}.Ad-Hoc|x86.Build.0 = Debug|Any CPU
		{3C34A972-D61E-4B7D-B6DB-8A3EAE8AA5AC}.Ad-Hoc|x86.Deploy.0 = Debug|Any CPU
		{3C34A972-D61E-4B7D-B6DB-8A3EAE8AA5AC}.AppStore|Any CPU.ActiveCfg = Debug|Any CPU
		{3C34A972-D61E-4B7D-B6DB-8A3EAE8AA5AC}.AppStore|Any CPU.Build.0 = Debug|Any CPU
		{3C34A972-D61E-4B7D-B6DB-8A3EAE8AA5AC}.AppStore|Any CPU.Deploy.0 = Debug|Any CPU
		{3C34A972-D61E-4B7D-B6DB-8A3EAE8AA5AC}.AppStore|ARM.ActiveCfg = Debug|Any CPU
		{3C34A972-D61E-4B7D-B6DB-8A3EAE8AA5AC}.AppStore|ARM.Build.0 = Debug|Any CPU
		{3C34A972-D61E-4B7D-B6DB-8A3EAE8AA5AC}.AppStore|ARM.Deploy.0 = Debug|Any CPU
		{3C34A972-D61E-4B7D-B6DB-8A3EAE8AA5AC}.AppStore|iPhone.ActiveCfg = Debug|Any CPU
		{3C34A972-D61E-4B7D-B6DB-8A3EAE8AA5AC}.AppStore|iPhone.Build.0 = Debug|Any CPU
		{3C34A972-D61E-4B7D-B6DB-8A3EAE8AA5AC}.AppStore|iPhone.Deploy.0 = Debug|Any CPU
		{3C34A972-D61E-4B7D-B6DB-8A3EAE8AA5AC}.AppStore|iPhoneSimulator.ActiveCfg = Debug|Any CPU
		{3C34A972-D61E-4B7D-B6DB-8A3EAE8AA5AC}.AppStore|iPhoneSimulator.Build.0 = Debug|Any CPU
		{3C34A972-D61E-4B7D-B6DB-8A3EAE8AA5AC}.AppStore|iPhoneSimulator.Deploy.0 = Debug|Any CPU
		{3C34A972-D61E-4B7D-B6DB-8A3EAE8AA5AC}.AppStore|x64.ActiveCfg = Debug|Any CPU
		{3C34A972-D61E-4B7D-B6DB-8A3EAE8AA5AC}.AppStore|x64.Build.0 = Debug|Any CPU
		{3C34A972-D61E-4B7D-B6DB-8A3EAE8AA5AC}.AppStore|x64.Deploy.0 = Debug|Any CPU
		{3C34A972-D61E-4B7D-B6DB-8A3EAE8AA5AC}.AppStore|x86.ActiveCfg = Debug|Any CPU
		{3C34A972-D61E-4B7D-B6DB-8A3EAE8AA5AC}.AppStore|x86.Build.0 = Debug|Any CPU
		{3C34A972-D61E-4B7D-B6DB-8A3EAE8AA5AC}.AppStore|x86.Deploy.0 = Debug|Any CPU
		{3C34A972-D61E-4B7D-B6DB-8A3EAE8AA5AC}.Debug|Any CPU.ActiveCfg = Debug|Any CPU
		{3C34A972-D61E-4B7D-B6DB-8A3EAE8AA5AC}.Debug|Any CPU.Build.0 = Debug|Any CPU
		{3C34A972-D61E-4B7D-B6DB-8A3EAE8AA5AC}.Debug|Any CPU.Deploy.0 = Debug|Any CPU
		{3C34A972-D61E-4B7D-B6DB-8A3EAE8AA5AC}.Debug|ARM.ActiveCfg = Debug|Any CPU
		{3C34A972-D61E-4B7D-B6DB-8A3EAE8AA5AC}.Debug|ARM.Build.0 = Debug|Any CPU
		{3C34A972-D61E-4B7D-B6DB-8A3EAE8AA5AC}.Debug|ARM.Deploy.0 = Debug|Any CPU
		{3C34A972-D61E-4B7D-B6DB-8A3EAE8AA5AC}.Debug|iPhone.ActiveCfg = Debug|Any CPU
		{3C34A972-D61E-4B7D-B6DB-8A3EAE8AA5AC}.Debug|iPhone.Build.0 = Debug|Any CPU
		{3C34A972-D61E-4B7D-B6DB-8A3EAE8AA5AC}.Debug|iPhone.Deploy.0 = Debug|Any CPU
		{3C34A972-D61E-4B7D-B6DB-8A3EAE8AA5AC}.Debug|iPhoneSimulator.ActiveCfg = Debug|Any CPU
		{3C34A972-D61E-4B7D-B6DB-8A3EAE8AA5AC}.Debug|iPhoneSimulator.Build.0 = Debug|Any CPU
		{3C34A972-D61E-4B7D-B6DB-8A3EAE8AA5AC}.Debug|iPhoneSimulator.Deploy.0 = Debug|Any CPU
		{3C34A972-D61E-4B7D-B6DB-8A3EAE8AA5AC}.Debug|x64.ActiveCfg = Debug|Any CPU
		{3C34A972-D61E-4B7D-B6DB-8A3EAE8AA5AC}.Debug|x64.Build.0 = Debug|Any CPU
		{3C34A972-D61E-4B7D-B6DB-8A3EAE8AA5AC}.Debug|x64.Deploy.0 = Debug|Any CPU
		{3C34A972-D61E-4B7D-B6DB-8A3EAE8AA5AC}.Debug|x86.ActiveCfg = Debug|Any CPU
		{3C34A972-D61E-4B7D-B6DB-8A3EAE8AA5AC}.Debug|x86.Build.0 = Debug|Any CPU
		{3C34A972-D61E-4B7D-B6DB-8A3EAE8AA5AC}.Debug|x86.Deploy.0 = Debug|Any CPU
		{3C34A972-D61E-4B7D-B6DB-8A3EAE8AA5AC}.Release|Any CPU.ActiveCfg = Release|Any CPU
		{3C34A972-D61E-4B7D-B6DB-8A3EAE8AA5AC}.Release|Any CPU.Build.0 = Release|Any CPU
		{3C34A972-D61E-4B7D-B6DB-8A3EAE8AA5AC}.Release|Any CPU.Deploy.0 = Release|Any CPU
		{3C34A972-D61E-4B7D-B6DB-8A3EAE8AA5AC}.Release|ARM.ActiveCfg = Release|Any CPU
		{3C34A972-D61E-4B7D-B6DB-8A3EAE8AA5AC}.Release|ARM.Build.0 = Release|Any CPU
		{3C34A972-D61E-4B7D-B6DB-8A3EAE8AA5AC}.Release|ARM.Deploy.0 = Release|Any CPU
		{3C34A972-D61E-4B7D-B6DB-8A3EAE8AA5AC}.Release|iPhone.ActiveCfg = Release|Any CPU
		{3C34A972-D61E-4B7D-B6DB-8A3EAE8AA5AC}.Release|iPhone.Build.0 = Release|Any CPU
		{3C34A972-D61E-4B7D-B6DB-8A3EAE8AA5AC}.Release|iPhone.Deploy.0 = Release|Any CPU
		{3C34A972-D61E-4B7D-B6DB-8A3EAE8AA5AC}.Release|iPhoneSimulator.ActiveCfg = Release|Any CPU
		{3C34A972-D61E-4B7D-B6DB-8A3EAE8AA5AC}.Release|iPhoneSimulator.Build.0 = Release|Any CPU
		{3C34A972-D61E-4B7D-B6DB-8A3EAE8AA5AC}.Release|iPhoneSimulator.Deploy.0 = Release|Any CPU
		{3C34A972-D61E-4B7D-B6DB-8A3EAE8AA5AC}.Release|x64.ActiveCfg = Release|Any CPU
		{3C34A972-D61E-4B7D-B6DB-8A3EAE8AA5AC}.Release|x64.Build.0 = Release|Any CPU
		{3C34A972-D61E-4B7D-B6DB-8A3EAE8AA5AC}.Release|x64.Deploy.0 = Release|Any CPU
		{3C34A972-D61E-4B7D-B6DB-8A3EAE8AA5AC}.Release|x86.ActiveCfg = Release|Any CPU
		{3C34A972-D61E-4B7D-B6DB-8A3EAE8AA5AC}.Release|x86.Build.0 = Release|Any CPU
		{3C34A972-D61E-4B7D-B6DB-8A3EAE8AA5AC}.Release|x86.Deploy.0 = Release|Any CPU
	EndGlobalSection
	GlobalSection(SolutionProperties) = preSolution
		HideSolutionNode = FALSE
	EndGlobalSection
	GlobalSection(ExtensibilityGlobals) = postSolution
		SolutionGuid = {E7B6B689-0E3D-4B3F-BC44-592B0354BD8D}
	EndGlobalSection
EndGlobal
